
Microsoft Visual Studio Solution File, Format Version 12.00
# Visual Studio Version 17
VisualStudioVersion = 17.0.32014.148
MinimumVisualStudioVersion = 10.0.40219.1
Project("{FAE04EC0-301F-11D3-BF4B-00C04F79EFBC}") = "Business", "Business\Business.csproj", "{72FA27D0-6EF2-4E7E-9004-03538CB0A528}"
EndProject
Project("{FAE04EC0-301F-11D3-BF4B-00C04F79EFBC}") = "Core", "Core\Core.csproj", "{AD05887B-3656-40E2-9EF5-14A44889C71B}"
EndProject
Project("{FAE04EC0-301F-11D3-BF4B-00C04F79EFBC}") = "DataAccess", "DataAccess\DataAccess.csproj", "{8298B38E-AC2D-4935-AD7F-55C3B9301C6D}"
EndProject
Project("{FAE04EC0-301F-11D3-BF4B-00C04F79EFBC}") = "Entities", "Entities\Entities.csproj", "{5DF5C42D-BD98-4A76-BB48-DA4BBF48AE48}"
EndProject
Project("{FAE04EC0-301F-11D3-BF4B-00C04F79EFBC}") = "WebApi", "WebApi\WebApi.csproj", "{13F6ACD5-CA8E-4229-875A-ACEA2C6FB4DF}"
EndProject
Global
	GlobalSection(SolutionConfigurationPlatforms) = preSolution
		Debug|Any CPU = Debug|Any CPU
		Release|Any CPU = Release|Any CPU
	EndGlobalSection
	GlobalSection(ProjectConfigurationPlatforms) = postSolution
		{72FA27D0-6EF2-4E7E-9004-03538CB0A528}.Debug|Any CPU.ActiveCfg = Debug|Any CPU
		{72FA27D0-6EF2-4E7E-9004-03538CB0A528}.Debug|Any CPU.Build.0 = Debug|Any CPU
		{72FA27D0-6EF2-4E7E-9004-03538CB0A528}.Release|Any CPU.ActiveCfg = Release|Any CPU
		{72FA27D0-6EF2-4E7E-9004-03538CB0A528}.Release|Any CPU.Build.0 = Release|Any CPU
		{AD05887B-3656-40E2-9EF5-14A44889C71B}.Debug|Any CPU.ActiveCfg = Debug|Any CPU
		{AD05887B-3656-40E2-9EF5-14A44889C71B}.Debug|Any CPU.Build.0 = Debug|Any CPU
		{AD05887B-3656-40E2-9EF5-14A44889C71B}.Release|Any CPU.ActiveCfg = Release|Any CPU
		{AD05887B-3656-40E2-9EF5-14A44889C71B}.Release|Any CPU.Build.0 = Release|Any CPU
		{8298B38E-AC2D-4935-AD7F-55C3B9301C6D}.Debug|Any CPU.ActiveCfg = Debug|Any CPU
		{8298B38E-AC2D-4935-AD7F-55C3B9301C6D}.Debug|Any CPU.Build.0 = Debug|Any CPU
		{8298B38E-AC2D-4935-AD7F-55C3B9301C6D}.Release|Any CPU.ActiveCfg = Release|Any CPU
		{8298B38E-AC2D-4935-AD7F-55C3B9301C6D}.Release|Any CPU.Build.0 = Release|Any CPU
		{5DF5C42D-BD98-4A76-BB48-DA4BBF48AE48}.Debug|Any CPU.ActiveCfg = Debug|Any CPU
		{5DF5C42D-BD98-4A76-BB48-DA4BBF48AE48}.Debug|Any CPU.Build.0 = Debug|Any CPU
		{5DF5C42D-BD98-4A76-BB48-DA4BBF48AE48}.Release|Any CPU.ActiveCfg = Release|Any CPU
		{5DF5C42D-BD98-4A76-BB48-DA4BBF48AE48}.Release|Any CPU.Build.0 = Release|Any CPU
		{13F6ACD5-CA8E-4229-875A-ACEA2C6FB4DF}.Debug|Any CPU.ActiveCfg = Debug|Any CPU
		{13F6ACD5-CA8E-4229-875A-ACEA2C6FB4DF}.Debug|Any CPU.Build.0 = Debug|Any CPU
		{13F6ACD5-CA8E-4229-875A-ACEA2C6FB4DF}.Release|Any CPU.ActiveCfg = Release|Any CPU
		{13F6ACD5-CA8E-4229-875A-ACEA2C6FB4DF}.Release|Any CPU.Build.0 = Release|Any CPU
	EndGlobalSection
	GlobalSection(SolutionProperties) = preSolution
		HideSolutionNode = FALSE
	EndGlobalSection
	GlobalSection(ExtensibilityGlobals) = postSolution
		SolutionGuid = {20BBE31B-AC2D-4E89-B055-C9EFA5406F42}
	EndGlobalSection
EndGlobal
